{
  "name": "accelerometer-test",
  "version": "1.0.0",
  "lockfileVersion": 2,
  "requires": true,
  "packages": {
    "": {
      "name": "accelerometer-test",
      "version": "1.0.0",
      "license": "ISC",
      "dependencies": {
        "gsap": "^3.9.1",
        "splitting": "^1.0.6"
      },
      "devDependencies": {}
    },
    "node_modules/gsap": {
      "version": "3.9.1",
      "resolved": "https://registry.npmjs.org/gsap/-/gsap-3.9.1.tgz",
      "integrity": "sha512-JSGVYoC6da4pIjdF/yxFU6Rz8OojOIDkbooveZlfNg0+JIoFoRruyfWAEi6R/gUeNcuOiTqUIb0gi1nCNrHf8w=="
    },
    "node_modules/splitting": {
      "version": "1.0.6",
      "resolved": "https://registry.npmjs.org/splitting/-/splitting-1.0.6.tgz",
      "integrity": "sha512-2hYicS/hTy1MgjTi4ST6B298uoLSx854VfTf0FeMmCeE6OiZjEixTOGPLqnNzSaM/y3jwoEYj5pmDzYFwRInPw=="
    }
  },
  "dependencies": {
    "gsap": {
      "version": "3.9.1",
      "resolved": "https://registry.npmjs.org/gsap/-/gsap-3.9.1.tgz",
      "integrity": "sha512-JSGVYoC6da4pIjdF/yxFU6Rz8OojOIDkbooveZlfNg0+JIoFoRruyfWAEi6R/gUeNcuOiTqUIb0gi1nCNrHf8w=="
    },
    "splitting": {
      "version": "1.0.6",
      "resolved": "https://registry.npmjs.org/splitting/-/splitting-1.0.6.tgz",
      "integrity": "sha512-2hYicS/hTy1MgjTi4ST6B298uoLSx854VfTf0FeMmCeE6OiZjEixTOGPLqnNzSaM/y3jwoEYj5pmDzYFwRInPw=="
    }
  }
}
